
Microsoft Visual Studio Solution File, Format Version 12.00
# Visual Studio Version 17
VisualStudioVersion = 17.8.34330.188
MinimumVisualStudioVersion = 10.0.40219.1
Project("{9A19103F-16F7-4668-BE54-9A1E7A4F7556}") = "BusinessObject", "BusinessObject\BusinessObject.csproj", "{8C5B327C-AAB9-47AB-8282-C46954117D46}"
EndProject
Project("{9A19103F-16F7-4668-BE54-9A1E7A4F7556}") = "WebAPI", "WebAPI\WebAPI.csproj", "{3AA2EB36-0A1C-4E80-B92D-E2039EB85458}"
EndProject
Project("{FAE04EC0-301F-11D3-BF4B-00C04F79EFBC}") = "Client", "Client\Client.csproj", "{FD64C7E6-A3C4-4F41-9AA8-AFCB456E6453}"
EndProject
Global
	GlobalSection(SolutionConfigurationPlatforms) = preSolution
		Debug|Any CPU = Debug|Any CPU
		Release|Any CPU = Release|Any CPU
	EndGlobalSection
	GlobalSection(ProjectConfigurationPlatforms) = postSolution
		{8C5B327C-AAB9-47AB-8282-C46954117D46}.Debug|Any CPU.ActiveCfg = Debug|Any CPU
		{8C5B327C-AAB9-47AB-8282-C46954117D46}.Debug|Any CPU.Build.0 = Debug|Any CPU
		{8C5B327C-AAB9-47AB-8282-C46954117D46}.Release|Any CPU.ActiveCfg = Release|Any CPU
		{8C5B327C-AAB9-47AB-8282-C46954117D46}.Release|Any CPU.Build.0 = Release|Any CPU
		{3AA2EB36-0A1C-4E80-B92D-E2039EB85458}.Debug|Any CPU.ActiveCfg = Debug|Any CPU
		{3AA2EB36-0A1C-4E80-B92D-E2039EB85458}.Debug|Any CPU.Build.0 = Debug|Any CPU
		{3AA2EB36-0A1C-4E80-B92D-E2039EB85458}.Release|Any CPU.ActiveCfg = Release|Any CPU
		{3AA2EB36-0A1C-4E80-B92D-E2039EB85458}.Release|Any CPU.Build.0 = Release|Any CPU
		{FD64C7E6-A3C4-4F41-9AA8-AFCB456E6453}.Debug|Any CPU.ActiveCfg = Debug|Any CPU
		{FD64C7E6-A3C4-4F41-9AA8-AFCB456E6453}.Debug|Any CPU.Build.0 = Debug|Any CPU
		{FD64C7E6-A3C4-4F41-9AA8-AFCB456E6453}.Release|Any CPU.ActiveCfg = Release|Any CPU
		{FD64C7E6-A3C4-4F41-9AA8-AFCB456E6453}.Release|Any CPU.Build.0 = Release|Any CPU
	EndGlobalSection
	GlobalSection(SolutionProperties) = preSolution
		HideSolutionNode = FALSE
	EndGlobalSection
	GlobalSection(ExtensibilityGlobals) = postSolution
		SolutionGuid = {6A703E5E-4798-42A9-9311-6878762FBC0A}
	EndGlobalSection
EndGlobal
